
Microsoft Visual Studio Solution File, Format Version 12.00
# Visual Studio Version 16
VisualStudioVersion = 16.0.32106.194
MinimumVisualStudioVersion = 10.0.40219.1
Project("{9A19103F-16F7-4668-BE54-9A1E7A4F7556}") = "VMP_CNR", "VMP_CNR.csproj", "{F6BB8E3A-25AB-4AC6-B780-2DA44BEBF707}"
EndProject
Global
	GlobalSection(SolutionConfigurationPlatforms) = preSolution
		Debug|Any CPU = Debug|Any CPU
		GVMP|Any CPU = GVMP|Any CPU
		Release|Any CPU = Release|Any CPU
	EndGlobalSection
	GlobalSection(ProjectConfigurationPlatforms) = postSolution
		{F6BB8E3A-25AB-4AC6-B780-2DA44BEBF707}.Debug|Any CPU.ActiveCfg = Debug|Any CPU
		{F6BB8E3A-25AB-4AC6-B780-2DA44BEBF707}.Debug|Any CPU.Build.0 = Debug|Any CPU
		{F6BB8E3A-25AB-4AC6-B780-2DA44BEBF707}.GVMP|Any CPU.ActiveCfg = Debug|Any CPU
		{F6BB8E3A-25AB-4AC6-B780-2DA44BEBF707}.GVMP|Any CPU.Build.0 = Debug|Any CPU
		{F6BB8E3A-25AB-4AC6-B780-2DA44BEBF707}.Release|Any CPU.ActiveCfg = Release|Any CPU
		{F6BB8E3A-25AB-4AC6-B780-2DA44BEBF707}.Release|Any CPU.Build.0 = Release|Any CPU
	EndGlobalSection
	GlobalSection(SolutionProperties) = preSolution
		HideSolutionNode = FALSE
	EndGlobalSection
	GlobalSection(ExtensibilityGlobals) = postSolution
		SolutionGuid = {F5FD8AB6-7D01-4D44-A444-980D755A6BC4}
	EndGlobalSection
EndGlobal
